{
  "name": "workspace",
  "lockfileVersion": 3,
  "requires": true,
  "packages": {
    "": {
      "dependencies": {
        "@ngrok/ngrok": "^1.1.1"
      }
    },
    "node_modules/@ngrok/ngrok": {
      "version": "1.1.1",
      "resolved": "https://registry.npmjs.org/@ngrok/ngrok/-/ngrok-1.1.1.tgz",
      "integrity": "sha512-sJen8pzr502HrcyeoV538603/aQAXvldfNmPUOmAHVaU3mA3XMykUCILHKk+9ZjY7Rp5HX0gN4/c7+uhnrVkCQ==",
      "engines": {
        "node": ">= 10"
      },
      "optionalDependencies": {
        "@ngrok/ngrok-android-arm-eabi": "1.1.1",
        "@ngrok/ngrok-android-arm64": "1.1.1",
        "@ngrok/ngrok-darwin-arm64": "1.1.1",
        "@ngrok/ngrok-darwin-universal": "1.1.1",
        "@ngrok/ngrok-darwin-x64": "1.1.1",
        "@ngrok/ngrok-freebsd-x64": "1.1.1",
        "@ngrok/ngrok-linux-arm-gnueabihf": "1.1.1",
        "@ngrok/ngrok-linux-arm64-gnu": "1.1.1",
        "@ngrok/ngrok-linux-arm64-musl": "1.1.1",
        "@ngrok/ngrok-linux-x64-gnu": "1.1.1",
        "@ngrok/ngrok-linux-x64-musl": "1.1.1",
        "@ngrok/ngrok-win32-ia32-msvc": "1.1.1",
        "@ngrok/ngrok-win32-x64-msvc": "1.1.1"
      }
    },
    "node_modules/@ngrok/ngrok-android-arm-eabi": {
      "version": "1.1.1",
      "resolved": "https://registry.npmjs.org/@ngrok/ngrok-android-arm-eabi/-/ngrok-android-arm-eabi-1.1.1.tgz",
      "integrity": "sha512-6NMjwboMTkpfdd0RKsuGLhxqOc1Z7Z3h59WVeYq5RIhjSVT0RSXkhrYT3G4TfjlFe0gYv1KWwRa388esFwJyuA==",
      "cpu": [
        "arm"
      ],
      "optional": true,
      "os": [
        "android"
      ],
      "engines": {
        "node": ">= 10"
      }
    },
    "node_modules/@ngrok/ngrok-android-arm64": {
      "version": "1.1.1",
      "resolved": "https://registry.npmjs.org/@ngrok/ngrok-android-arm64/-/ngrok-android-arm64-1.1.1.tgz",
      "integrity": "sha512-HbNKYovMkURVTu73kGBGU83AWD9QYiNNQoXIM63nFISuLOUM4MhhG9pe3Fbmz+Hdh+IIUkTKd3pkBVrSiPkqRA==",
      "cpu": [
        "arm64"
      ],
      "optional": true,
      "os": [
        "android"
      ],
      "engines": {
        "node": ">= 10"
      }
    },
    "node_modules/@ngrok/ngrok-darwin-arm64": {
      "version": "1.1.1",
      "resolved": "https://registry.npmjs.org/@ngrok/ngrok-darwin-arm64/-/ngrok-darwin-arm64-1.1.1.tgz",
      "integrity": "sha512-4nktGdAGcKLj+xM6WNigtEdZ5h29kmAbvHrFg7q5MshBgy85+pZVbp8gDlyhiIQOXu5vNZ+qcL/MBzAygqOaBw==",
      "cpu": [
        "arm64"
      ],
      "optional": true,
      "os": [
        "darwin"
      ],
      "engines": {
        "node": ">= 10"
      }
    },
    "node_modules/@ngrok/ngrok-darwin-universal": {
      "version": "1.1.1",
      "resolved": "https://registry.npmjs.org/@ngrok/ngrok-darwin-universal/-/ngrok-darwin-universal-1.1.1.tgz",
      "integrity": "sha512-/1y8otaL+kQHnAPmpc88r5uQHtPPjH6LvA7BXtggQFP/+i8n/bwM5S/XifiLf+j72oyYj3uPc4ijxau6nFZjWA==",
      "optional": true,
      "os": [
        "darwin"
      ],
      "engines": {
        "node": ">= 10"
      }
    },
    "node_modules/@ngrok/ngrok-darwin-x64": {
      "version": "1.1.1",
      "resolved": "https://registry.npmjs.org/@ngrok/ngrok-darwin-x64/-/ngrok-darwin-x64-1.1.1.tgz",
      "integrity": "sha512-+Bk51NaF8Nu8bYCu80IeUFHyR5eu09QgRalBkT0Tzx2NgBy0joAVLbqcf5J+J67Oy5RZDGvpKjoOHlV1eU2O5A==",
      "cpu": [
        "x64"
      ],
      "optional": true,
      "os": [
        "darwin"
      ],
      "engines": {
        "node": ">= 10"
      }
    },
    "node_modules/@ngrok/ngrok-freebsd-x64": {
      "version": "1.1.1",
      "resolved": "https://registry.npmjs.org/@ngrok/ngrok-freebsd-x64/-/ngrok-freebsd-x64-1.1.1.tgz",
      "integrity": "sha512-poiP4tPYdBc/xfryql6c+MBQJzgIKmm2hZ3JNBRkp004NbDqAq/t50nJ3pL48F54QF46dmY+ldHKuqNR8u8Mcg==",
      "cpu": [
        "x64"
      ],
      "optional": true,
      "os": [
        "freebsd"
      ],
      "engines": {
        "node": ">= 10"
      }
    },
    "node_modules/@ngrok/ngrok-linux-arm-gnueabihf": {
      "version": "1.1.1",
      "resolved": "https://registry.npmjs.org/@ngrok/ngrok-linux-arm-gnueabihf/-/ngrok-linux-arm-gnueabihf-1.1.1.tgz",
      "integrity": "sha512-QMiE74Z9NnLBmW2RRAv0iZx970gxBrXzLXyCKS5+RfcepKiWkbwEB18X2XM9ePHnj5gYtWNHTJP9sipQvJ5dYw==",
      "cpu": [
        "arm"
      ],
      "optional": true,
      "os": [
        "linux"
      ],
      "engines": {
        "node": ">= 10"
      }
    },
    "node_modules/@ngrok/ngrok-linux-arm64-gnu": {
      "version": "1.1.1",
      "resolved": "https://registry.npmjs.org/@ngrok/ngrok-linux-arm64-gnu/-/ngrok-linux-arm64-gnu-1.1.1.tgz",
      "integrity": "sha512-zzY7ZWazwNkav39Y7Xy4HuHzIjM2e3fhZe455No+wIFAcJVz6XOoqwdpqmv07tPMx6MUuSK72LHMrSsEBTMxqA==",
      "cpu": [
        "arm64"
      ],
      "optional": true,
      "os": [
        "linux"
      ],
      "engines": {
        "node": ">= 10"
      }
    },
    "node_modules/@ngrok/ngrok-linux-arm64-musl": {
      "version": "1.1.1",
      "resolved": "https://registry.npmjs.org/@ngrok/ngrok-linux-arm64-musl/-/ngrok-linux-arm64-musl-1.1.1.tgz",
      "integrity": "sha512-ci0UCgEFGX3VW5x9vDOgi4u/fQ1RGOzgQXGpNTfSxeNPIuKxu+KV+d4FrCcJ1lLUE76Rt2FntjNFFNhMkkP19Q==",
      "cpu": [
        "arm64"
      ],
      "optional": true,
      "os": [
        "linux"
      ],
      "engines": {
        "node": ">= 10"
      }
    },
    "node_modules/@ngrok/ngrok-linux-x64-gnu": {
      "version": "1.1.1",
      "resolved": "https://registry.npmjs.org/@ngrok/ngrok-linux-x64-gnu/-/ngrok-linux-x64-gnu-1.1.1.tgz",
      "integrity": "sha512-URYPKZg6Dc/omP9e1WAVdbg9ELiZwvkqG+mGvwhAEE90iykJyAFOHiYRvqsHzkVVK15QtZEB2zbQjNLw0Cjldg==",
      "cpu": [
        "x64"
      ],
      "optional": true,
      "os": [
        "linux"
      ],
      "engines": {
        "node": ">= 10"
      }
    },
    "node_modules/@ngrok/ngrok-linux-x64-musl": {
      "version": "1.1.1",
      "resolved": "https://registry.npmjs.org/@ngrok/ngrok-linux-x64-musl/-/ngrok-linux-x64-musl-1.1.1.tgz",
      "integrity": "sha512-MvXBtkaY+aSMH1C1R3DF23xyL9mmcK9ZujhHvaKSR29Fk+bDhAk01BgrV38d+ir/c2j7ZO+XFYmhkNZJv/21Jw==",
      "cpu": [
        "x64"
      ],
      "optional": true,
      "os": [
        "linux"
      ],
      "engines": {
        "node": ">= 10"
      }
    },
    "node_modules/@ngrok/ngrok-win32-ia32-msvc": {
      "version": "1.1.1",
      "resolved": "https://registry.npmjs.org/@ngrok/ngrok-win32-ia32-msvc/-/ngrok-win32-ia32-msvc-1.1.1.tgz",
      "integrity": "sha512-6q/a675A8Hk1se4mk/hHE9Qv6paBaL3YE4nb0pZUPdVik63LYL+N1fsnOJjnIQ0ao1hNCeuhovXAoyo/3d32Zg==",
      "cpu": [
        "ia32"
      ],
      "optional": true,
      "os": [
        "win32"
      ],
      "engines": {
        "node": ">= 10"
      }
    },
    "node_modules/@ngrok/ngrok-win32-x64-msvc": {
      "version": "1.1.1",
      "resolved": "https://registry.npmjs.org/@ngrok/ngrok-win32-x64-msvc/-/ngrok-win32-x64-msvc-1.1.1.tgz",
      "integrity": "sha512-Gj3wCPLsFVPslu5bdWm89dHkhFpARjl2OYSml4Kb68RUWc9SKKzCEcH+46x3mqHdQWFGruvTgWUcGNEtNDimnw==",
      "cpu": [
        "x64"
      ],
      "optional": true,
      "os": [
        "win32"
      ],
      "engines": {
        "node": ">= 10"
      }
    }
  }
}
